
Microsoft Visual Studio Solution File, Format Version 12.00
# Visual Studio 14
VisualStudioVersion = 14.0.25420.1
MinimumVisualStudioVersion = 10.0.40219.1
Project("{FAE04EC0-301F-11D3-BF4B-00C04F79EFBC}") = "OMDbFilmes", "OMDbFilmes\OMDbFilmes\OMDbFilmes.csproj", "{50ECBB75-FBA6-45DC-A70B-F5B4A7594365}"
EndProject
Project("{FAE04EC0-301F-11D3-BF4B-00C04F79EFBC}") = "OMDbFilmes.Droid", "OMDbFilmes\OMDbFilmes.Droid\OMDbFilmes.Droid.csproj", "{28494EBF-0760-4F99-A6C6-823657D3990E}"
EndProject
Project("{FAE04EC0-301F-11D3-BF4B-00C04F79EFBC}") = "OMDbFilmes.iOS", "OMDbFilmes\OMDbFilmes.iOS\OMDbFilmes.iOS.csproj", "{72F8F2F5-B7D8-4B42-ACBC-5B48C76C778F}"
EndProject
Global
	GlobalSection(SolutionConfigurationPlatforms) = preSolution
		Ad-Hoc|Any CPU = Ad-Hoc|Any CPU
		Ad-Hoc|iPhone = Ad-Hoc|iPhone
		Ad-Hoc|iPhoneSimulator = Ad-Hoc|iPhoneSimulator
		AppStore|Any CPU = AppStore|Any CPU
		AppStore|iPhone = AppStore|iPhone
		AppStore|iPhoneSimulator = AppStore|iPhoneSimulator
		Debug|Any CPU = Debug|Any CPU
		Debug|iPhone = Debug|iPhone
		Debug|iPhoneSimulator = Debug|iPhoneSimulator
		Release|Any CPU = Release|Any CPU
		Release|iPhone = Release|iPhone
		Release|iPhoneSimulator = Release|iPhoneSimulator
	EndGlobalSection
	GlobalSection(ProjectConfigurationPlatforms) = postSolution
		{50ECBB75-FBA6-45DC-A70B-F5B4A7594365}.Ad-Hoc|Any CPU.ActiveCfg = Release|Any CPU
		{50ECBB75-FBA6-45DC-A70B-F5B4A7594365}.Ad-Hoc|Any CPU.Build.0 = Release|Any CPU
		{50ECBB75-FBA6-45DC-A70B-F5B4A7594365}.Ad-Hoc|iPhone.ActiveCfg = Release|Any CPU
		{50ECBB75-FBA6-45DC-A70B-F5B4A7594365}.Ad-Hoc|iPhone.Build.0 = Release|Any CPU
		{50ECBB75-FBA6-45DC-A70B-F5B4A7594365}.Ad-Hoc|iPhoneSimulator.ActiveCfg = Release|Any CPU
		{50ECBB75-FBA6-45DC-A70B-F5B4A7594365}.Ad-Hoc|iPhoneSimulator.Build.0 = Release|Any CPU
		{50ECBB75-FBA6-45DC-A70B-F5B4A7594365}.AppStore|Any CPU.ActiveCfg = Release|Any CPU
		{50ECBB75-FBA6-45DC-A70B-F5B4A7594365}.AppStore|Any CPU.Build.0 = Release|Any CPU
		{50ECBB75-FBA6-45DC-A70B-F5B4A7594365}.AppStore|iPhone.ActiveCfg = Release|Any CPU
		{50ECBB75-FBA6-45DC-A70B-F5B4A7594365}.AppStore|iPhone.Build.0 = Release|Any CPU
		{50ECBB75-FBA6-45DC-A70B-F5B4A7594365}.AppStore|iPhoneSimulator.ActiveCfg = Release|Any CPU
		{50ECBB75-FBA6-45DC-A70B-F5B4A7594365}.AppStore|iPhoneSimulator.Build.0 = Release|Any CPU
		{50ECBB75-FBA6-45DC-A70B-F5B4A7594365}.Debug|Any CPU.ActiveCfg = Debug|Any CPU
		{50ECBB75-FBA6-45DC-A70B-F5B4A7594365}.Debug|Any CPU.Build.0 = Debug|Any CPU
		{50ECBB75-FBA6-45DC-A70B-F5B4A7594365}.Debug|iPhone.ActiveCfg = Debug|Any CPU
		{50ECBB75-FBA6-45DC-A70B-F5B4A7594365}.Debug|iPhone.Build.0 = Debug|Any CPU
		{50ECBB75-FBA6-45DC-A70B-F5B4A7594365}.Debug|iPhoneSimulator.ActiveCfg = Debug|Any CPU
		{50ECBB75-FBA6-45DC-A70B-F5B4A7594365}.Debug|iPhoneSimulator.Build.0 = Debug|Any CPU
		{50ECBB75-FBA6-45DC-A70B-F5B4A7594365}.Release|Any CPU.ActiveCfg = Release|Any CPU
		{50ECBB75-FBA6-45DC-A70B-F5B4A7594365}.Release|Any CPU.Build.0 = Release|Any CPU
		{50ECBB75-FBA6-45DC-A70B-F5B4A7594365}.Release|iPhone.ActiveCfg = Release|Any CPU
		{50ECBB75-FBA6-45DC-A70B-F5B4A7594365}.Release|iPhone.Build.0 = Release|Any CPU
		{50ECBB75-FBA6-45DC-A70B-F5B4A7594365}.Release|iPhoneSimulator.ActiveCfg = Release|Any CPU
		{50ECBB75-FBA6-45DC-A70B-F5B4A7594365}.Release|iPhoneSimulator.Build.0 = Release|Any CPU
		{28494EBF-0760-4F99-A6C6-823657D3990E}.Ad-Hoc|Any CPU.ActiveCfg = Release|Any CPU
		{28494EBF-0760-4F99-A6C6-823657D3990E}.Ad-Hoc|Any CPU.Build.0 = Release|Any CPU
		{28494EBF-0760-4F99-A6C6-823657D3990E}.Ad-Hoc|Any CPU.Deploy.0 = Release|Any CPU
		{28494EBF-0760-4F99-A6C6-823657D3990E}.Ad-Hoc|iPhone.ActiveCfg = Release|Any CPU
		{28494EBF-0760-4F99-A6C6-823657D3990E}.Ad-Hoc|iPhone.Build.0 = Release|Any CPU
		{28494EBF-0760-4F99-A6C6-823657D3990E}.Ad-Hoc|iPhone.Deploy.0 = Release|Any CPU
		{28494EBF-0760-4F99-A6C6-823657D3990E}.Ad-Hoc|iPhoneSimulator.ActiveCfg = Release|Any CPU
		{28494EBF-0760-4F99-A6C6-823657D3990E}.Ad-Hoc|iPhoneSimulator.Build.0 = Release|Any CPU
		{28494EBF-0760-4F99-A6C6-823657D3990E}.Ad-Hoc|iPhoneSimulator.Deploy.0 = Release|Any CPU
		{28494EBF-0760-4F99-A6C6-823657D3990E}.AppStore|Any CPU.ActiveCfg = Release|Any CPU
		{28494EBF-0760-4F99-A6C6-823657D3990E}.AppStore|Any CPU.Build.0 = Release|Any CPU
		{28494EBF-0760-4F99-A6C6-823657D3990E}.AppStore|Any CPU.Deploy.0 = Release|Any CPU
		{28494EBF-0760-4F99-A6C6-823657D3990E}.AppStore|iPhone.ActiveCfg = Release|Any CPU
		{28494EBF-0760-4F99-A6C6-823657D3990E}.AppStore|iPhone.Build.0 = Release|Any CPU
		{28494EBF-0760-4F99-A6C6-823657D3990E}.AppStore|iPhone.Deploy.0 = Release|Any CPU
		{28494EBF-0760-4F99-A6C6-823657D3990E}.AppStore|iPhoneSimulator.ActiveCfg = Release|Any CPU
		{28494EBF-0760-4F99-A6C6-823657D3990E}.AppStore|iPhoneSimulator.Build.0 = Release|Any CPU
		{28494EBF-0760-4F99-A6C6-823657D3990E}.AppStore|iPhoneSimulator.Deploy.0 = Release|Any CPU
		{28494EBF-0760-4F99-A6C6-823657D3990E}.Debug|Any CPU.ActiveCfg = Debug|Any CPU
		{28494EBF-0760-4F99-A6C6-823657D3990E}.Debug|Any CPU.Build.0 = Debug|Any CPU
		{28494EBF-0760-4F99-A6C6-823657D3990E}.Debug|Any CPU.Deploy.0 = Debug|Any CPU
		{28494EBF-0760-4F99-A6C6-823657D3990E}.Debug|iPhone.ActiveCfg = Debug|Any CPU
		{28494EBF-0760-4F99-A6C6-823657D3990E}.Debug|iPhone.Build.0 = Debug|Any CPU
		{28494EBF-0760-4F99-A6C6-823657D3990E}.Debug|iPhone.Deploy.0 = Debug|Any CPU
		{28494EBF-0760-4F99-A6C6-823657D3990E}.Debug|iPhoneSimulator.ActiveCfg = Debug|Any CPU
		{28494EBF-0760-4F99-A6C6-823657D3990E}.Debug|iPhoneSimulator.Build.0 = Debug|Any CPU
		{28494EBF-0760-4F99-A6C6-823657D3990E}.Debug|iPhoneSimulator.Deploy.0 = Debug|Any CPU
		{28494EBF-0760-4F99-A6C6-823657D3990E}.Release|Any CPU.ActiveCfg = Release|Any CPU
		{28494EBF-0760-4F99-A6C6-823657D3990E}.Release|Any CPU.Build.0 = Release|Any CPU
		{28494EBF-0760-4F99-A6C6-823657D3990E}.Release|Any CPU.Deploy.0 = Release|Any CPU
		{28494EBF-0760-4F99-A6C6-823657D3990E}.Release|iPhone.ActiveCfg = Release|Any CPU
		{28494EBF-0760-4F99-A6C6-823657D3990E}.Release|iPhone.Build.0 = Release|Any CPU
		{28494EBF-0760-4F99-A6C6-823657D3990E}.Release|iPhone.Deploy.0 = Release|Any CPU
		{28494EBF-0760-4F99-A6C6-823657D3990E}.Release|iPhoneSimulator.ActiveCfg = Release|Any CPU
		{28494EBF-0760-4F99-A6C6-823657D3990E}.Release|iPhoneSimulator.Build.0 = Release|Any CPU
		{28494EBF-0760-4F99-A6C6-823657D3990E}.Release|iPhoneSimulator.Deploy.0 = Release|Any CPU
		{72F8F2F5-B7D8-4B42-ACBC-5B48C76C778F}.Ad-Hoc|Any CPU.ActiveCfg = Ad-Hoc|iPhone
		{72F8F2F5-B7D8-4B42-ACBC-5B48C76C778F}.Ad-Hoc|iPhone.ActiveCfg = Ad-Hoc|iPhone
		{72F8F2F5-B7D8-4B42-ACBC-5B48C76C778F}.Ad-Hoc|iPhone.Build.0 = Ad-Hoc|iPhone
		{72F8F2F5-B7D8-4B42-ACBC-5B48C76C778F}.Ad-Hoc|iPhoneSimulator.ActiveCfg = Ad-Hoc|iPhoneSimulator
		{72F8F2F5-B7D8-4B42-ACBC-5B48C76C778F}.Ad-Hoc|iPhoneSimulator.Build.0 = Ad-Hoc|iPhoneSimulator
		{72F8F2F5-B7D8-4B42-ACBC-5B48C76C778F}.AppStore|Any CPU.ActiveCfg = AppStore|iPhone
		{72F8F2F5-B7D8-4B42-ACBC-5B48C76C778F}.AppStore|iPhone.ActiveCfg = AppStore|iPhone
		{72F8F2F5-B7D8-4B42-ACBC-5B48C76C778F}.AppStore|iPhone.Build.0 = AppStore|iPhone
		{72F8F2F5-B7D8-4B42-ACBC-5B48C76C778F}.AppStore|iPhoneSimulator.ActiveCfg = AppStore|iPhoneSimulator
		{72F8F2F5-B7D8-4B42-ACBC-5B48C76C778F}.AppStore|iPhoneSimulator.Build.0 = AppStore|iPhoneSimulator
		{72F8F2F5-B7D8-4B42-ACBC-5B48C76C778F}.Debug|Any CPU.ActiveCfg = Debug|iPhone
		{72F8F2F5-B7D8-4B42-ACBC-5B48C76C778F}.Debug|iPhone.ActiveCfg = Debug|iPhone
		{72F8F2F5-B7D8-4B42-ACBC-5B48C76C778F}.Debug|iPhone.Build.0 = Debug|iPhone
		{72F8F2F5-B7D8-4B42-ACBC-5B48C76C778F}.Debug|iPhoneSimulator.ActiveCfg = Debug|iPhoneSimulator
		{72F8F2F5-B7D8-4B42-ACBC-5B48C76C778F}.Debug|iPhoneSimulator.Build.0 = Debug|iPhoneSimulator
		{72F8F2F5-B7D8-4B42-ACBC-5B48C76C778F}.Release|Any CPU.ActiveCfg = Release|iPhone
		{72F8F2F5-B7D8-4B42-ACBC-5B48C76C778F}.Release|iPhone.ActiveCfg = Release|iPhone
		{72F8F2F5-B7D8-4B42-ACBC-5B48C76C778F}.Release|iPhone.Build.0 = Release|iPhone
		{72F8F2F5-B7D8-4B42-ACBC-5B48C76C778F}.Release|iPhoneSimulator.ActiveCfg = Release|iPhoneSimulator
		{72F8F2F5-B7D8-4B42-ACBC-5B48C76C778F}.Release|iPhoneSimulator.Build.0 = Release|iPhoneSimulator
	EndGlobalSection
	GlobalSection(SolutionProperties) = preSolution
		HideSolutionNode = FALSE
	EndGlobalSection
EndGlobal
